// !$*UTF8*$!
{
	archiveVersion = 1;
	classes = {
	};
	objectVersion = 56;
	objects = {

/* Begin PBXBuildFile section */
		1DD0577D2C517F8000AC539B /* AppDelegate.swift in Sources */ = {isa = PBXBuildFile; fileRef = 1DD0577C2C517F8000AC539B /* AppDelegate.swift */; };
		1DD0577F2C517F8000AC539B /* SceneDelegate.swift in Sources */ = {isa = PBXBuildFile; fileRef = 1DD0577E2C517F8000AC539B /* SceneDelegate.swift */; };
		1DD057812C517F8000AC539B /* HomeScreenViewController.swift in Sources */ = {isa = PBXBuildFile; fileRef = 1DD057802C517F8000AC539B /* HomeScreenViewController.swift */; };
		1DD057842C517F8000AC539B /* Base in Resources */ = {isa = PBXBuildFile; fileRef = 1DD057832C517F8000AC539B /* Base */; };
		1DD057862C517F8200AC539B /* Assets.xcassets in Resources */ = {isa = PBXBuildFile; fileRef = 1DD057852C517F8200AC539B /* Assets.xcassets */; };
		1DD057892C517F8200AC539B /* Base in Resources */ = {isa = PBXBuildFile; fileRef = 1DD057882C517F8200AC539B /* Base */; };
		1DD057972C5180EF00AC539B /* Colors.xcassets in Resources */ = {isa = PBXBuildFile; fileRef = 1DD057962C5180EF00AC539B /* Colors.xcassets */; };
		1DD057992C51811F00AC539B /* AllProductEntity.swift in Sources */ = {isa = PBXBuildFile; fileRef = 1DD057982C51811F00AC539B /* AllProductEntity.swift */; };
		1DD0579B2C51812900AC539B /* Constants.swift in Sources */ = {isa = PBXBuildFile; fileRef = 1DD0579A2C51812900AC539B /* Constants.swift */; };
		1DD0579D2C51813200AC539B /* Extensions.swift in Sources */ = {isa = PBXBuildFile; fileRef = 1DD0579C2C51813200AC539B /* Extensions.swift */; };
		1DD057A52C5181CC00AC539B /* ComfortZoneLoading.json in Resources */ = {isa = PBXBuildFile; fileRef = 1DD057A42C5181CC00AC539B /* ComfortZoneLoading.json */; };
		1DD057A92C51822100AC539B /* DesignableView.swift in Sources */ = {isa = PBXBuildFile; fileRef = 1DD057A82C51822100AC539B /* DesignableView.swift */; };
		1DD057AB2C5194A500AC539B /* SplashScreenViewController.swift in Sources */ = {isa = PBXBuildFile; fileRef = 1DD057AA2C5194A500AC539B /* SplashScreenViewController.swift */; };
		1DD057AD2C5194B100AC539B /* SplashScreen.storyboard in Resources */ = {isa = PBXBuildFile; fileRef = 1DD057AC2C5194B100AC539B /* SplashScreen.storyboard */; };
		1DD057B02C5196D900AC539B /* Lottie in Frameworks */ = {isa = PBXBuildFile; productRef = 1DD057AF2C5196D900AC539B /* Lottie */; };
		1DD057B22C519A4200AC539B /* LoginScreenViewController.swift in Sources */ = {isa = PBXBuildFile; fileRef = 1DD057B12C519A4200AC539B /* LoginScreenViewController.swift */; };
		1DD057B42C519A4D00AC539B /* LoginScreen.storyboard in Resources */ = {isa = PBXBuildFile; fileRef = 1DD057B32C519A4D00AC539B /* LoginScreen.storyboard */; };
		1DD057B72C519ED500AC539B /* GoogleSignIn in Frameworks */ = {isa = PBXBuildFile; productRef = 1DD057B62C519ED500AC539B /* GoogleSignIn */; };
		1DD057B92C519ED500AC539B /* GoogleSignInSwift in Frameworks */ = {isa = PBXBuildFile; productRef = 1DD057B82C519ED500AC539B /* GoogleSignInSwift */; };
		1DD057BC2C519F0000AC539B /* Kingfisher in Frameworks */ = {isa = PBXBuildFile; productRef = 1DD057BB2C519F0000AC539B /* Kingfisher */; };
/* End PBXBuildFile section */

/* Begin PBXFileReference section */
		1DD057792C517F8000AC539B /* ComfortZone.app */ = {isa = PBXFileReference; explicitFileType = wrapper.application; includeInIndex = 0; path = ComfortZone.app; sourceTree = BUILT_PRODUCTS_DIR; };
		1DD0577C2C517F8000AC539B /* AppDelegate.swift */ = {isa = PBXFileReference; lastKnownFileType = sourcecode.swift; path = AppDelegate.swift; sourceTree = "<group>"; };
		1DD0577E2C517F8000AC539B /* SceneDelegate.swift */ = {isa = PBXFileReference; lastKnownFileType = sourcecode.swift; path = SceneDelegate.swift; sourceTree = "<group>"; };
		1DD057802C517F8000AC539B /* HomeScreenViewController.swift */ = {isa = PBXFileReference; lastKnownFileType = sourcecode.swift; path = HomeScreenViewController.swift; sourceTree = "<group>"; };
		1DD057832C517F8000AC539B /* Base */ = {isa = PBXFileReference; lastKnownFileType = file.storyboard; name = Base; path = Base.lproj/Main.storyboard; sourceTree = "<group>"; };
		1DD057852C517F8200AC539B /* Assets.xcassets */ = {isa = PBXFileReference; lastKnownFileType = folder.assetcatalog; path = Assets.xcassets; sourceTree = "<group>"; };
		1DD057882C517F8200AC539B /* Base */ = {isa = PBXFileReference; lastKnownFileType = file.storyboard; name = Base; path = Base.lproj/LaunchScreen.storyboard; sourceTree = "<group>"; };
		1DD0578A2C517F8200AC539B /* Info.plist */ = {isa = PBXFileReference; lastKnownFileType = text.plist.xml; path = Info.plist; sourceTree = "<group>"; };
		1DD057962C5180EF00AC539B /* Colors.xcassets */ = {isa = PBXFileReference; lastKnownFileType = folder.assetcatalog; path = Colors.xcassets; sourceTree = "<group>"; };
		1DD057982C51811F00AC539B /* AllProductEntity.swift */ = {isa = PBXFileReference; lastKnownFileType = sourcecode.swift; path = AllProductEntity.swift; sourceTree = "<group>"; };
		1DD0579A2C51812900AC539B /* Constants.swift */ = {isa = PBXFileReference; lastKnownFileType = sourcecode.swift; path = Constants.swift; sourceTree = "<group>"; };
		1DD0579C2C51813200AC539B /* Extensions.swift */ = {isa = PBXFileReference; lastKnownFileType = sourcecode.swift; path = Extensions.swift; sourceTree = "<group>"; };
		1DD057A42C5181CC00AC539B /* ComfortZoneLoading.json */ = {isa = PBXFileReference; fileEncoding = 4; lastKnownFileType = text.json; path = ComfortZoneLoading.json; sourceTree = "<group>"; };
		1DD057A82C51822100AC539B /* DesignableView.swift */ = {isa = PBXFileReference; lastKnownFileType = sourcecode.swift; path = DesignableView.swift; sourceTree = "<group>"; };
		1DD057AA2C5194A500AC539B /* SplashScreenViewController.swift */ = {isa = PBXFileReference; lastKnownFileType = sourcecode.swift; path = SplashScreenViewController.swift; sourceTree = "<group>"; };
		1DD057AC2C5194B100AC539B /* SplashScreen.storyboard */ = {isa = PBXFileReference; lastKnownFileType = file.storyboard; path = SplashScreen.storyboard; sourceTree = "<group>"; };
		1DD057B12C519A4200AC539B /* LoginScreenViewController.swift */ = {isa = PBXFileReference; lastKnownFileType = sourcecode.swift; path = LoginScreenViewController.swift; sourceTree = "<group>"; };
		1DD057B32C519A4D00AC539B /* LoginScreen.storyboard */ = {isa = PBXFileReference; lastKnownFileType = file.storyboard; path = LoginScreen.storyboard; sourceTree = "<group>"; };
/* End PBXFileReference section */

/* Begin PBXFrameworksBuildPhase section */
		1DD057762C517F8000AC539B /* Frameworks */ = {
			isa = PBXFrameworksBuildPhase;
			buildActionMask = 2147483647;
			files = (
				1DD057BC2C519F0000AC539B /* Kingfisher in Frameworks */,
				1DD057B92C519ED500AC539B /* GoogleSignInSwift in Frameworks */,
				1DD057B02C5196D900AC539B /* Lottie in Frameworks */,
				1DD057B72C519ED500AC539B /* GoogleSignIn in Frameworks */,
			);
			runOnlyForDeploymentPostprocessing = 0;
		};
/* End PBXFrameworksBuildPhase section */

/* Begin PBXGroup section */
		1DD057702C517F8000AC539B = {
			isa = PBXGroup;
			children = (
				1DD0577B2C517F8000AC539B /* ComfortZone */,
				1DD0577A2C517F8000AC539B /* Products */,
			);
			sourceTree = "<group>";
		};
		1DD0577A2C517F8000AC539B /* Products */ = {
			isa = PBXGroup;
			children = (
				1DD057792C517F8000AC539B /* ComfortZone.app */,
			);
			name = Products;
			sourceTree = "<group>";
		};
		1DD0577B2C517F8000AC539B /* ComfortZone */ = {
			isa = PBXGroup;
			children = (
				1DD057902C51802D00AC539B /* Applicaiton */,
				1DD057A62C5181EB00AC539B /* DesignableUI */,
				1DD057922C51806000AC539B /* Modules */,
				1DD057932C51807000AC539B /* UIComponents */,
				1DD057942C51808E00AC539B /* Helper */,
				1DD057A32C51819A00AC539B /* SupportingFile */,
				1DD057952C5180AA00AC539B /* Resources */,
				1DD057852C517F8200AC539B /* Assets.xcassets */,
				1DD057872C517F8200AC539B /* LaunchScreen.storyboard */,
				1DD0578A2C517F8200AC539B /* Info.plist */,
			);
			path = ComfortZone;
			sourceTree = "<group>";
		};
		1DD057902C51802D00AC539B /* Applicaiton */ = {
			isa = PBXGroup;
			children = (
				1DD0577C2C517F8000AC539B /* AppDelegate.swift */,
				1DD0577E2C517F8000AC539B /* SceneDelegate.swift */,
			);
			path = Applicaiton;
			sourceTree = "<group>";
		};
		1DD057912C51804F00AC539B /* HomeScreenModule */ = {
			isa = PBXGroup;
			children = (
				1DD057802C517F8000AC539B /* HomeScreenViewController.swift */,
				1DD057822C517F8000AC539B /* Main.storyboard */,
			);
			path = HomeScreenModule;
			sourceTree = "<group>";
		};
		1DD057922C51806000AC539B /* Modules */ = {
			isa = PBXGroup;
			children = (
				1DD057A02C51815900AC539B /* SplashScreenModule */,
				1DD057A12C51816200AC539B /* OnboardingScreenModule */,
				1DD057A22C51817200AC539B /* LoginScreenModule */,
				1DD057912C51804F00AC539B /* HomeScreenModule */,
			);
			path = Modules;
			sourceTree = "<group>";
		};
		1DD057932C51807000AC539B /* UIComponents */ = {
			isa = PBXGroup;
			children = (
				1DD0579E2C51813A00AC539B /* TableViewCells */,
				1DD0579F2C51814800AC539B /* CollectionViewCells */,
			);
			path = UIComponents;
			sourceTree = "<group>";
		};
		1DD057942C51808E00AC539B /* Helper */ = {
			isa = PBXGroup;
			children = (
				1DD057982C51811F00AC539B /* AllProductEntity.swift */,
				1DD0579A2C51812900AC539B /* Constants.swift */,
				1DD0579C2C51813200AC539B /* Extensions.swift */,
			);
			path = Helper;
			sourceTree = "<group>";
		};
		1DD057952C5180AA00AC539B /* Resources */ = {
			isa = PBXGroup;
			children = (
				1DD057962C5180EF00AC539B /* Colors.xcassets */,
			);
			path = Resources;
			sourceTree = "<group>";
		};
		1DD0579E2C51813A00AC539B /* TableViewCells */ = {
			isa = PBXGroup;
			children = (
			);
			path = TableViewCells;
			sourceTree = "<group>";
		};
		1DD0579F2C51814800AC539B /* CollectionViewCells */ = {
			isa = PBXGroup;
			children = (
			);
			path = CollectionViewCells;
			sourceTree = "<group>";
		};
		1DD057A02C51815900AC539B /* SplashScreenModule */ = {
			isa = PBXGroup;
			children = (
				1DD057AA2C5194A500AC539B /* SplashScreenViewController.swift */,
				1DD057AC2C5194B100AC539B /* SplashScreen.storyboard */,
			);
			path = SplashScreenModule;
			sourceTree = "<group>";
		};
		1DD057A12C51816200AC539B /* OnboardingScreenModule */ = {
			isa = PBXGroup;
			children = (
			);
			path = OnboardingScreenModule;
			sourceTree = "<group>";
		};
		1DD057A22C51817200AC539B /* LoginScreenModule */ = {
			isa = PBXGroup;
			children = (
				1DD057B12C519A4200AC539B /* LoginScreenViewController.swift */,
				1DD057B32C519A4D00AC539B /* LoginScreen.storyboard */,
			);
			path = LoginScreenModule;
			sourceTree = "<group>";
		};
		1DD057A32C51819A00AC539B /* SupportingFile */ = {
			isa = PBXGroup;
			children = (
				1DD057A42C5181CC00AC539B /* ComfortZoneLoading.json */,
			);
			path = SupportingFile;
			sourceTree = "<group>";
		};
		1DD057A62C5181EB00AC539B /* DesignableUI */ = {
			isa = PBXGroup;
			children = (
				1DD057A72C5181FF00AC539B /* DesignableView */,
			);
			path = DesignableUI;
			sourceTree = "<group>";
		};
		1DD057A72C5181FF00AC539B /* DesignableView */ = {
			isa = PBXGroup;
			children = (
				1DD057A82C51822100AC539B /* DesignableView.swift */,
			);
			path = DesignableView;
			sourceTree = "<group>";
		};
/* End PBXGroup section */

/* Begin PBXNativeTarget section */
		1DD057782C517F8000AC539B /* ComfortZone */ = {
			isa = PBXNativeTarget;
			buildConfigurationList = 1DD0578D2C517F8200AC539B /* Build configuration list for PBXNativeTarget "ComfortZone" */;
			buildPhases = (
				1DD057752C517F8000AC539B /* Sources */,
				1DD057762C517F8000AC539B /* Frameworks */,
				1DD057772C517F8000AC539B /* Resources */,
			);
			buildRules = (
			);
			dependencies = (
			);
			name = ComfortZone;
			packageProductDependencies = (
				1DD057AF2C5196D900AC539B /* Lottie */,
				1DD057B62C519ED500AC539B /* GoogleSignIn */,
				1DD057B82C519ED500AC539B /* GoogleSignInSwift */,
				1DD057BB2C519F0000AC539B /* Kingfisher */,
			);
			productName = ComfortZone;
			productReference = 1DD057792C517F8000AC539B /* ComfortZone.app */;
			productType = "com.apple.product-type.application";
		};
/* End PBXNativeTarget section */

/* Begin PBXProject section */
		1DD057712C517F8000AC539B /* Project object */ = {
			isa = PBXProject;
			attributes = {
				BuildIndependentTargetsInParallel = 1;
				LastSwiftUpdateCheck = 1540;
				LastUpgradeCheck = 1540;
				TargetAttributes = {
					1DD057782C517F8000AC539B = {
						CreatedOnToolsVersion = 15.4;
					};
				};
			};
			buildConfigurationList = 1DD057742C517F8000AC539B /* Build configuration list for PBXProject "ComfortZone" */;
			compatibilityVersion = "Xcode 14.0";
			developmentRegion = en;
			hasScannedForEncodings = 0;
			knownRegions = (
				en,
				Base,
			);
			mainGroup = 1DD057702C517F8000AC539B;
			packageReferences = (
				1DD057AE2C5196D900AC539B /* XCRemoteSwiftPackageReference "lottie-ios" */,
				1DD057B52C519ED500AC539B /* XCRemoteSwiftPackageReference "GoogleSignIn-iOS" */,
				1DD057BA2C519F0000AC539B /* XCRemoteSwiftPackageReference "Kingfisher" */,
			);
			productRefGroup = 1DD0577A2C517F8000AC539B /* Products */;
			projectDirPath = "";
			projectRoot = "";
			targets = (
				1DD057782C517F8000AC539B /* ComfortZone */,
			);
		};
/* End PBXProject section */

/* Begin PBXResourcesBuildPhase section */
		1DD057772C517F8000AC539B /* Resources */ = {
			isa = PBXResourcesBuildPhase;
			buildActionMask = 2147483647;
			files = (
				1DD057A52C5181CC00AC539B /* ComfortZoneLoading.json in Resources */,
				1DD057B42C519A4D00AC539B /* LoginScreen.storyboard in Resources */,
				1DD057AD2C5194B100AC539B /* SplashScreen.storyboard in Resources */,
				1DD057862C517F8200AC539B /* Assets.xcassets in Resources */,
				1DD057972C5180EF00AC539B /* Colors.xcassets in Resources */,
				1DD057892C517F8200AC539B /* Base in Resources */,
				1DD057842C517F8000AC539B /* Base in Resources */,
			);
			runOnlyForDeploymentPostprocessing = 0;
		};
/* End PBXResourcesBuildPhase section */

/* Begin PBXSourcesBuildPhase section */
		1DD057752C517F8000AC539B /* Sources */ = {
			isa = PBXSourcesBuildPhase;
			buildActionMask = 2147483647;
			files = (
				1DD0579B2C51812900AC539B /* Constants.swift in Sources */,
				1DD0579D2C51813200AC539B /* Extensions.swift in Sources */,
				1DD057B22C519A4200AC539B /* LoginScreenViewController.swift in Sources */,
				1DD057AB2C5194A500AC539B /* SplashScreenViewController.swift in Sources */,
				1DD057992C51811F00AC539B /* AllProductEntity.swift in Sources */,
				1DD057812C517F8000AC539B /* HomeScreenViewController.swift in Sources */,
				1DD057A92C51822100AC539B /* DesignableView.swift in Sources */,
				1DD0577D2C517F8000AC539B /* AppDelegate.swift in Sources */,
				1DD0577F2C517F8000AC539B /* SceneDelegate.swift in Sources */,
			);
			runOnlyForDeploymentPostprocessing = 0;
		};
/* End PBXSourcesBuildPhase section */

/* Begin PBXVariantGroup section */
		1DD057822C517F8000AC539B /* Main.storyboard */ = {
			isa = PBXVariantGroup;
			children = (
				1DD057832C517F8000AC539B /* Base */,
			);
			name = Main.storyboard;
			sourceTree = "<group>";
		};
		1DD057872C517F8200AC539B /* LaunchScreen.storyboard */ = {
			isa = PBXVariantGroup;
			children = (
				1DD057882C517F8200AC539B /* Base */,
			);
			name = LaunchScreen.storyboard;
			sourceTree = "<group>";
		};
/* End PBXVariantGroup section */

/* Begin XCBuildConfiguration section */
		1DD0578B2C517F8200AC539B /* Debug */ = {
			isa = XCBuildConfiguration;
			buildSettings = {
				ALWAYS_SEARCH_USER_PATHS = NO;
				ASSETCATALOG_COMPILER_GENERATE_SWIFT_ASSET_SYMBOL_EXTENSIONS = YES;
				CLANG_ANALYZER_NONNULL = YES;
				CLANG_ANALYZER_NUMBER_OBJECT_CONVERSION = YES_AGGRESSIVE;
				CLANG_CXX_LANGUAGE_STANDARD = "gnu++20";
				CLANG_ENABLE_MODULES = YES;
				CLANG_ENABLE_OBJC_ARC = YES;
				CLANG_ENABLE_OBJC_WEAK = YES;
				CLANG_WARN_BLOCK_CAPTURE_AUTORELEASING = YES;
				CLANG_WARN_BOOL_CONVERSION = YES;
				CLANG_WARN_COMMA = YES;
				CLANG_WARN_CONSTANT_CONVERSION = YES;
				CLANG_WARN_DEPRECATED_OBJC_IMPLEMENTATIONS = YES;
				CLANG_WARN_DIRECT_OBJC_ISA_USAGE = YES_ERROR;
				CLANG_WARN_DOCUMENTATION_COMMENTS = YES;
				CLANG_WARN_EMPTY_BODY = YES;
				CLANG_WARN_ENUM_CONVERSION = YES;
				CLANG_WARN_INFINITE_RECURSION = YES;
				CLANG_WARN_INT_CONVERSION = YES;
				CLANG_WARN_NON_LITERAL_NULL_CONVERSION = YES;
				CLANG_WARN_OBJC_IMPLICIT_RETAIN_SELF = YES;
				CLANG_WARN_OBJC_LITERAL_CONVERSION = YES;
				CLANG_WARN_OBJC_ROOT_CLASS = YES_ERROR;
				CLANG_WARN_QUOTED_INCLUDE_IN_FRAMEWORK_HEADER = YES;
				CLANG_WARN_RANGE_LOOP_ANALYSIS = YES;
				CLANG_WARN_STRICT_PROTOTYPES = YES;
				CLANG_WARN_SUSPICIOUS_MOVE = YES;
				CLANG_WARN_UNGUARDED_AVAILABILITY = YES_AGGRESSIVE;
				CLANG_WARN_UNREACHABLE_CODE = YES;
				CLANG_WARN__DUPLICATE_METHOD_MATCH = YES;
				COPY_PHASE_STRIP = NO;
				DEBUG_INFORMATION_FORMAT = dwarf;
				ENABLE_STRICT_OBJC_MSGSEND = YES;
				ENABLE_TESTABILITY = YES;
				ENABLE_USER_SCRIPT_SANDBOXING = YES;
				GCC_C_LANGUAGE_STANDARD = gnu17;
				GCC_DYNAMIC_NO_PIC = NO;
				GCC_NO_COMMON_BLOCKS = YES;
				GCC_OPTIMIZATION_LEVEL = 0;
				GCC_PREPROCESSOR_DEFINITIONS = (
					"DEBUG=1",
					"$(inherited)",
				);
				GCC_WARN_64_TO_32_BIT_CONVERSION = YES;
				GCC_WARN_ABOUT_RETURN_TYPE = YES_ERROR;
				GCC_WARN_UNDECLARED_SELECTOR = YES;
				GCC_WARN_UNINITIALIZED_AUTOS = YES_AGGRESSIVE;
				GCC_WARN_UNUSED_FUNCTION = YES;
				GCC_WARN_UNUSED_VARIABLE = YES;
				IPHONEOS_DEPLOYMENT_TARGET = 17.5;
				LOCALIZATION_PREFERS_STRING_CATALOGS = YES;
				MTL_ENABLE_DEBUG_INFO = INCLUDE_SOURCE;
				MTL_FAST_MATH = YES;
				ONLY_ACTIVE_ARCH = YES;
				SDKROOT = iphoneos;
				SWIFT_ACTIVE_COMPILATION_CONDITIONS = "DEBUG $(inherited)";
				SWIFT_OPTIMIZATION_LEVEL = "-Onone";
			};
			name = Debug;
		};
		1DD0578C2C517F8200AC539B /* Release */ = {
			isa = XCBuildConfiguration;
			buildSettings = {
				ALWAYS_SEARCH_USER_PATHS = NO;
				ASSETCATALOG_COMPILER_GENERATE_SWIFT_ASSET_SYMBOL_EXTENSIONS = YES;
				CLANG_ANALYZER_NONNULL = YES;
				CLANG_ANALYZER_NUMBER_OBJECT_CONVERSION = YES_AGGRESSIVE;
				CLANG_CXX_LANGUAGE_STANDARD = "gnu++20";
				CLANG_ENABLE_MODULES = YES;
				CLANG_ENABLE_OBJC_ARC = YES;
				CLANG_ENABLE_OBJC_WEAK = YES;
				CLANG_WARN_BLOCK_CAPTURE_AUTORELEASING = YES;
				CLANG_WARN_BOOL_CONVERSION = YES;
				CLANG_WARN_COMMA = YES;
				CLANG_WARN_CONSTANT_CONVERSION = YES;
				CLANG_WARN_DEPRECATED_OBJC_IMPLEMENTATIONS = YES;
				CLANG_WARN_DIRECT_OBJC_ISA_USAGE = YES_ERROR;
				CLANG_WARN_DOCUMENTATION_COMMENTS = YES;
				CLANG_WARN_EMPTY_BODY = YES;
				CLANG_WARN_ENUM_CONVERSION = YES;
				CLANG_WARN_INFINITE_RECURSION = YES;
				CLANG_WARN_INT_CONVERSION = YES;
				CLANG_WARN_NON_LITERAL_NULL_CONVERSION = YES;
				CLANG_WARN_OBJC_IMPLICIT_RETAIN_SELF = YES;
				CLANG_WARN_OBJC_LITERAL_CONVERSION = YES;
				CLANG_WARN_OBJC_ROOT_CLASS = YES_ERROR;
				CLANG_WARN_QUOTED_INCLUDE_IN_FRAMEWORK_HEADER = YES;
				CLANG_WARN_RANGE_LOOP_ANALYSIS = YES;
				CLANG_WARN_STRICT_PROTOTYPES = YES;
				CLANG_WARN_SUSPICIOUS_MOVE = YES;
				CLANG_WARN_UNGUARDED_AVAILABILITY = YES_AGGRESSIVE;
				CLANG_WARN_UNREACHABLE_CODE = YES;
				CLANG_WARN__DUPLICATE_METHOD_MATCH = YES;
				COPY_PHASE_STRIP = NO;
				DEBUG_INFORMATION_FORMAT = "dwarf-with-dsym";
				ENABLE_NS_ASSERTIONS = NO;
				ENABLE_STRICT_OBJC_MSGSEND = YES;
				ENABLE_USER_SCRIPT_SANDBOXING = YES;
				GCC_C_LANGUAGE_STANDARD = gnu17;
				GCC_NO_COMMON_BLOCKS = YES;
				GCC_WARN_64_TO_32_BIT_CONVERSION = YES;
				GCC_WARN_ABOUT_RETURN_TYPE = YES_ERROR;
				GCC_WARN_UNDECLARED_SELECTOR = YES;
				GCC_WARN_UNINITIALIZED_AUTOS = YES_AGGRESSIVE;
				GCC_WARN_UNUSED_FUNCTION = YES;
				GCC_WARN_UNUSED_VARIABLE = YES;
				IPHONEOS_DEPLOYMENT_TARGET = 17.5;
				LOCALIZATION_PREFERS_STRING_CATALOGS = YES;
				MTL_ENABLE_DEBUG_INFO = NO;
				MTL_FAST_MATH = YES;
				SDKROOT = iphoneos;
				SWIFT_COMPILATION_MODE = wholemodule;
				VALIDATE_PRODUCT = YES;
			};
			name = Release;
		};
		1DD0578E2C517F8200AC539B /* Debug */ = {
			isa = XCBuildConfiguration;
			buildSettings = {
				ASSETCATALOG_COMPILER_APPICON_NAME = AppIcon;
				ASSETCATALOG_COMPILER_GLOBAL_ACCENT_COLOR_NAME = AccentColor;
				CODE_SIGN_STYLE = Automatic;
				CURRENT_PROJECT_VERSION = 1;
				DEVELOPMENT_TEAM = S727C47Y77;
				GENERATE_INFOPLIST_FILE = YES;
				INFOPLIST_FILE = ComfortZone/Info.plist;
				INFOPLIST_KEY_UIApplicationSupportsIndirectInputEvents = YES;
				INFOPLIST_KEY_UILaunchStoryboardName = LaunchScreen;
				INFOPLIST_KEY_UIMainStoryboardFile = Main;
				INFOPLIST_KEY_UISupportedInterfaceOrientations_iPad = "UIInterfaceOrientationPortrait UIInterfaceOrientationPortraitUpsideDown UIInterfaceOrientationLandscapeLeft UIInterfaceOrientationLandscapeRight";
				INFOPLIST_KEY_UISupportedInterfaceOrientations_iPhone = "UIInterfaceOrientationPortrait UIInterfaceOrientationLandscapeLeft UIInterfaceOrientationLandscapeRight";
				LD_RUNPATH_SEARCH_PATHS = (
					"$(inherited)",
					"@executable_path/Frameworks",
				);
				MARKETING_VERSION = 1.0;
				PRODUCT_BUNDLE_IDENTIFIER = com.mycreationcollections.ComfortZone;
				PRODUCT_NAME = "$(TARGET_NAME)";
				SWIFT_EMIT_LOC_STRINGS = YES;
				SWIFT_VERSION = 5.0;
				TARGETED_DEVICE_FAMILY = "1,2";
			};
			name = Debug;
		};
		1DD0578F2C517F8200AC539B /* Release */ = {
			isa = XCBuildConfiguration;
			buildSettings = {
				ASSETCATALOG_COMPILER_APPICON_NAME = AppIcon;
				ASSETCATALOG_COMPILER_GLOBAL_ACCENT_COLOR_NAME = AccentColor;
				CODE_SIGN_STYLE = Automatic;
				CURRENT_PROJECT_VERSION = 1;
				DEVELOPMENT_TEAM = S727C47Y77;
				GENERATE_INFOPLIST_FILE = YES;
				INFOPLIST_FILE = ComfortZone/Info.plist;
				INFOPLIST_KEY_UIApplicationSupportsIndirectInputEvents = YES;
				INFOPLIST_KEY_UILaunchStoryboardName = LaunchScreen;
				INFOPLIST_KEY_UIMainStoryboardFile = Main;
				INFOPLIST_KEY_UISupportedInterfaceOrientations_iPad = "UIInterfaceOrientationPortrait UIInterfaceOrientationPortraitUpsideDown UIInterfaceOrientationLandscapeLeft UIInterfaceOrientationLandscapeRight";
				INFOPLIST_KEY_UISupportedInterfaceOrientations_iPhone = "UIInterfaceOrientationPortrait UIInterfaceOrientationLandscapeLeft UIInterfaceOrientationLandscapeRight";
				LD_RUNPATH_SEARCH_PATHS = (
					"$(inherited)",
					"@executable_path/Frameworks",
				);
				MARKETING_VERSION = 1.0;
				PRODUCT_BUNDLE_IDENTIFIER = com.mycreationcollections.ComfortZone;
				PRODUCT_NAME = "$(TARGET_NAME)";
				SWIFT_EMIT_LOC_STRINGS = YES;
				SWIFT_VERSION = 5.0;
				TARGETED_DEVICE_FAMILY = "1,2";
			};
			name = Release;
		};
/* End XCBuildConfiguration section */

/* Begin XCConfigurationList section */
		1DD057742C517F8000AC539B /* Build configuration list for PBXProject "ComfortZone" */ = {
			isa = XCConfigurationList;
			buildConfigurations = (
				1DD0578B2C517F8200AC539B /* Debug */,
				1DD0578C2C517F8200AC539B /* Release */,
			);
			defaultConfigurationIsVisible = 0;
			defaultConfigurationName = Release;
		};
		1DD0578D2C517F8200AC539B /* Build configuration list for PBXNativeTarget "ComfortZone" */ = {
			isa = XCConfigurationList;
			buildConfigurations = (
				1DD0578E2C517F8200AC539B /* Debug */,
				1DD0578F2C517F8200AC539B /* Release */,
			);
			defaultConfigurationIsVisible = 0;
			defaultConfigurationName = Release;
		};
/* End XCConfigurationList section */

/* Begin XCRemoteSwiftPackageReference section */
		1DD057AE2C5196D900AC539B /* XCRemoteSwiftPackageReference "lottie-ios" */ = {
			isa = XCRemoteSwiftPackageReference;
			repositoryURL = "https://github.com/airbnb/lottie-ios";
			requirement = {
				kind = upToNextMajorVersion;
				minimumVersion = 4.5.0;
			};
		};
		1DD057B52C519ED500AC539B /* XCRemoteSwiftPackageReference "GoogleSignIn-iOS" */ = {
			isa = XCRemoteSwiftPackageReference;
			repositoryURL = "https://github.com/google/GoogleSignIn-iOS";
			requirement = {
				kind = upToNextMajorVersion;
				minimumVersion = 7.1.0;
			};
		};
		1DD057BA2C519F0000AC539B /* XCRemoteSwiftPackageReference "Kingfisher" */ = {
			isa = XCRemoteSwiftPackageReference;
			repositoryURL = "https://github.com/onevcat/Kingfisher.git";
			requirement = {
				kind = upToNextMajorVersion;
				minimumVersion = 7.12.0;
			};
		};
/* End XCRemoteSwiftPackageReference section */

/* Begin XCSwiftPackageProductDependency section */
		1DD057AF2C5196D900AC539B /* Lottie */ = {
			isa = XCSwiftPackageProductDependency;
			package = 1DD057AE2C5196D900AC539B /* XCRemoteSwiftPackageReference "lottie-ios" */;
			productName = Lottie;
		};
		1DD057B62C519ED500AC539B /* GoogleSignIn */ = {
			isa = XCSwiftPackageProductDependency;
			package = 1DD057B52C519ED500AC539B /* XCRemoteSwiftPackageReference "GoogleSignIn-iOS" */;
			productName = GoogleSignIn;
		};
		1DD057B82C519ED500AC539B /* GoogleSignInSwift */ = {
			isa = XCSwiftPackageProductDependency;
			package = 1DD057B52C519ED500AC539B /* XCRemoteSwiftPackageReference "GoogleSignIn-iOS" */;
			productName = GoogleSignInSwift;
		};
		1DD057BB2C519F0000AC539B /* Kingfisher */ = {
			isa = XCSwiftPackageProductDependency;
			package = 1DD057BA2C519F0000AC539B /* XCRemoteSwiftPackageReference "Kingfisher" */;
			productName = Kingfisher;
		};
/* End XCSwiftPackageProductDependency section */
	};
	rootObject = 1DD057712C517F8000AC539B /* Project object */;
}
